
Microsoft Visual Studio Solution File, Format Version 12.00
# Visual Studio Version 16
VisualStudioVersion = 16.0.30503.244
MinimumVisualStudioVersion = 10.0.40219.1
Project("{8BC9CEB8-8B4A-11D0-8D11-00A0C91BC942}") = "Prj13", "Prj13\Prj13.vcxproj", "{4FE516F4-2FFC-4545-B772-3A02A85DA782}"
EndProject
Project("{8BC9CEB8-8B4A-11D0-8D11-00A0C91BC942}") = "Prj14", "Prj14\Prj14.vcxproj", "{79C33E7C-5A7D-4064-8787-1D76D0E7898C}"
EndProject
Project("{8BC9CEB8-8B4A-11D0-8D11-00A0C91BC942}") = "Prj17", "Prj17\Prj17.vcxproj", "{D4EE5DC1-DA3E-4C5E-8BA7-A3F3F7F98D84}"
EndProject
Project("{8BC9CEB8-8B4A-11D0-8D11-00A0C91BC942}") = "Prj18", "Prj18\Prj18.vcxproj", "{D093F8D6-154D-46DF-97B7-C60EE25842EC}"
EndProject
Project("{8BC9CEB8-8B4A-11D0-8D11-00A0C91BC942}") = "Prj19", "Prj19\Prj19.vcxproj", "{EF10F021-8EE1-481E-B676-2DF0D8D12CA6}"
EndProject
Project("{8BC9CEB8-8B4A-11D0-8D11-00A0C91BC942}") = "Prj01", "Prj01\Prj01.vcxproj", "{B9B88BD1-4062-4A1C-A5E5-67D89BA2F5E6}"
EndProject
Project("{8BC9CEB8-8B4A-11D0-8D11-00A0C91BC942}") = "Prj02", "Prj02\Prj02.vcxproj", "{8EBAADA3-CFFD-400C-8BF3-6874C3DA9D6F}"
EndProject
Project("{8BC9CEB8-8B4A-11D0-8D11-00A0C91BC942}") = "Prj03", "Prj03\Prj03.vcxproj", "{DBDBB1E3-CAAE-46A9-BCC9-EDA507A21189}"
EndProject
Project("{8BC9CEB8-8B4A-11D0-8D11-00A0C91BC942}") = "Prj04", "Prj04\Prj04.vcxproj", "{C34DF9E1-1606-4E89-A53F-083C452CE0DF}"
EndProject
Project("{8BC9CEB8-8B4A-11D0-8D11-00A0C91BC942}") = "Prj05", "Prj05\Prj05.vcxproj", "{CD9B1C7B-2F18-4578-A60A-7FF8A290153E}"
EndProject
Project("{8BC9CEB8-8B4A-11D0-8D11-00A0C91BC942}") = "Prj06", "Prj06\Prj06.vcxproj", "{1C1D913F-93B8-48CA-807B-18F6830F7C7D}"
EndProject
Project("{8BC9CEB8-8B4A-11D0-8D11-00A0C91BC942}") = "Prj07", "Prj07\Prj07.vcxproj", "{327713DC-4C57-4BCD-8CCA-28889575C8FC}"
EndProject
Project("{8BC9CEB8-8B4A-11D0-8D11-00A0C91BC942}") = "Prj08", "Prj08\Prj08.vcxproj", "{0192A424-5B13-492A-B0C1-9772DEEE3AC1}"
EndProject
Project("{8BC9CEB8-8B4A-11D0-8D11-00A0C91BC942}") = "Prj09", "Prj09\Prj09.vcxproj", "{2406B8CB-FDD6-4E2C-A6EB-A7E418AE7B7F}"
EndProject
Project("{8BC9CEB8-8B4A-11D0-8D11-00A0C91BC942}") = "Prj10", "Prj10\Prj10.vcxproj", "{8AA6BD4B-AD40-453E-9A6E-4D5EF8A8A7DF}"
EndProject
Project("{8BC9CEB8-8B4A-11D0-8D11-00A0C91BC942}") = "Prj11", "Prj11\Prj11.vcxproj", "{36EB16D1-05D0-4196-B39D-970195A1DDC9}"
EndProject
Project("{8BC9CEB8-8B4A-11D0-8D11-00A0C91BC942}") = "Prj12", "Prj12\Prj12.vcxproj", "{5A32B4C4-F356-49E9-B421-4A360E0C9BEC}"
EndProject
Project("{8BC9CEB8-8B4A-11D0-8D11-00A0C91BC942}") = "Prj16", "Prj16\Prj16.vcxproj", "{EFD2B216-8807-4D9E-A780-F6A29BCF4706}"
EndProject
Project("{8BC9CEB8-8B4A-11D0-8D11-00A0C91BC942}") = "Prj15", "Prj15\Prj15.vcxproj", "{057E305C-BB3E-44C9-92D9-81411AA08055}"
EndProject
Project("{8BC9CEB8-8B4A-11D0-8D11-00A0C91BC942}") = "Lab1", "Lab1\Lab1.vcxproj", "{B18A4D53-4553-4B4C-968A-138FAB6B3030}"
EndProject
Project("{8BC9CEB8-8B4A-11D0-8D11-00A0C91BC942}") = "Lab2", "Lab2\Lab2.vcxproj", "{6E952E10-F389-49CE-8295-CDC62F9CB74B}"
EndProject
Project("{8BC9CEB8-8B4A-11D0-8D11-00A0C91BC942}") = "Lab3", "Lab3\Lab3.vcxproj", "{4EF61415-7876-4C11-BA82-8B23D040A678}"
EndProject
Project("{8BC9CEB8-8B4A-11D0-8D11-00A0C91BC942}") = "Lab4", "Lab4\Lab4.vcxproj", "{3FF15E63-EA38-4DA2-8D58-7E462FA04963}"
EndProject
Project("{8BC9CEB8-8B4A-11D0-8D11-00A0C91BC942}") = "Lab5", "Lab5\Lab5.vcxproj", "{0A76C9D6-6E09-442F-A7E1-741159F11E81}"
EndProject
Global
	GlobalSection(SolutionConfigurationPlatforms) = preSolution
		Debug|x64 = Debug|x64
		Debug|x86 = Debug|x86
		Release|x64 = Release|x64
		Release|x86 = Release|x86
	EndGlobalSection
	GlobalSection(ProjectConfigurationPlatforms) = postSolution
		{4FE516F4-2FFC-4545-B772-3A02A85DA782}.Debug|x64.ActiveCfg = Debug|x64
		{4FE516F4-2FFC-4545-B772-3A02A85DA782}.Debug|x64.Build.0 = Debug|x64
		{4FE516F4-2FFC-4545-B772-3A02A85DA782}.Debug|x86.ActiveCfg = Debug|Win32
		{4FE516F4-2FFC-4545-B772-3A02A85DA782}.Debug|x86.Build.0 = Debug|Win32
		{4FE516F4-2FFC-4545-B772-3A02A85DA782}.Release|x64.ActiveCfg = Release|x64
		{4FE516F4-2FFC-4545-B772-3A02A85DA782}.Release|x64.Build.0 = Release|x64
		{4FE516F4-2FFC-4545-B772-3A02A85DA782}.Release|x86.ActiveCfg = Release|Win32
		{4FE516F4-2FFC-4545-B772-3A02A85DA782}.Release|x86.Build.0 = Release|Win32
		{79C33E7C-5A7D-4064-8787-1D76D0E7898C}.Debug|x64.ActiveCfg = Debug|x64
		{79C33E7C-5A7D-4064-8787-1D76D0E7898C}.Debug|x64.Build.0 = Debug|x64
		{79C33E7C-5A7D-4064-8787-1D76D0E7898C}.Debug|x86.ActiveCfg = Debug|Win32
		{79C33E7C-5A7D-4064-8787-1D76D0E7898C}.Debug|x86.Build.0 = Debug|Win32
		{79C33E7C-5A7D-4064-8787-1D76D0E7898C}.Release|x64.ActiveCfg = Release|x64
		{79C33E7C-5A7D-4064-8787-1D76D0E7898C}.Release|x64.Build.0 = Release|x64
		{79C33E7C-5A7D-4064-8787-1D76D0E7898C}.Release|x86.ActiveCfg = Release|Win32
		{79C33E7C-5A7D-4064-8787-1D76D0E7898C}.Release|x86.Build.0 = Release|Win32
		{D4EE5DC1-DA3E-4C5E-8BA7-A3F3F7F98D84}.Debug|x64.ActiveCfg = Debug|x64
		{D4EE5DC1-DA3E-4C5E-8BA7-A3F3F7F98D84}.Debug|x64.Build.0 = Debug|x64
		{D4EE5DC1-DA3E-4C5E-8BA7-A3F3F7F98D84}.Debug|x86.ActiveCfg = Debug|Win32
		{D4EE5DC1-DA3E-4C5E-8BA7-A3F3F7F98D84}.Debug|x86.Build.0 = Debug|Win32
		{D4EE5DC1-DA3E-4C5E-8BA7-A3F3F7F98D84}.Release|x64.ActiveCfg = Release|x64
		{D4EE5DC1-DA3E-4C5E-8BA7-A3F3F7F98D84}.Release|x64.Build.0 = Release|x64
		{D4EE5DC1-DA3E-4C5E-8BA7-A3F3F7F98D84}.Release|x86.ActiveCfg = Release|Win32
		{D4EE5DC1-DA3E-4C5E-8BA7-A3F3F7F98D84}.Release|x86.Build.0 = Release|Win32
		{D093F8D6-154D-46DF-97B7-C60EE25842EC}.Debug|x64.ActiveCfg = Debug|x64
		{D093F8D6-154D-46DF-97B7-C60EE25842EC}.Debug|x64.Build.0 = Debug|x64
		{D093F8D6-154D-46DF-97B7-C60EE25842EC}.Debug|x86.ActiveCfg = Debug|Win32
		{D093F8D6-154D-46DF-97B7-C60EE25842EC}.Debug|x86.Build.0 = Debug|Win32
		{D093F8D6-154D-46DF-97B7-C60EE25842EC}.Release|x64.ActiveCfg = Release|x64
		{D093F8D6-154D-46DF-97B7-C60EE25842EC}.Release|x64.Build.0 = Release|x64
		{D093F8D6-154D-46DF-97B7-C60EE25842EC}.Release|x86.ActiveCfg = Release|Win32
		{D093F8D6-154D-46DF-97B7-C60EE25842EC}.Release|x86.Build.0 = Release|Win32
		{EF10F021-8EE1-481E-B676-2DF0D8D12CA6}.Debug|x64.ActiveCfg = Debug|x64
		{EF10F021-8EE1-481E-B676-2DF0D8D12CA6}.Debug|x64.Build.0 = Debug|x64
		{EF10F021-8EE1-481E-B676-2DF0D8D12CA6}.Debug|x86.ActiveCfg = Debug|Win32
		{EF10F021-8EE1-481E-B676-2DF0D8D12CA6}.Debug|x86.Build.0 = Debug|Win32
		{EF10F021-8EE1-481E-B676-2DF0D8D12CA6}.Release|x64.ActiveCfg = Release|x64
		{EF10F021-8EE1-481E-B676-2DF0D8D12CA6}.Release|x64.Build.0 = Release|x64
		{EF10F021-8EE1-481E-B676-2DF0D8D12CA6}.Release|x86.ActiveCfg = Release|Win32
		{EF10F021-8EE1-481E-B676-2DF0D8D12CA6}.Release|x86.Build.0 = Release|Win32
		{B9B88BD1-4062-4A1C-A5E5-67D89BA2F5E6}.Debug|x64.ActiveCfg = Debug|x64
		{B9B88BD1-4062-4A1C-A5E5-67D89BA2F5E6}.Debug|x64.Build.0 = Debug|x64
		{B9B88BD1-4062-4A1C-A5E5-67D89BA2F5E6}.Debug|x86.ActiveCfg = Debug|Win32
		{B9B88BD1-4062-4A1C-A5E5-67D89BA2F5E6}.Debug|x86.Build.0 = Debug|Win32
		{B9B88BD1-4062-4A1C-A5E5-67D89BA2F5E6}.Release|x64.ActiveCfg = Release|x64
		{B9B88BD1-4062-4A1C-A5E5-67D89BA2F5E6}.Release|x64.Build.0 = Release|x64
		{B9B88BD1-4062-4A1C-A5E5-67D89BA2F5E6}.Release|x86.ActiveCfg = Release|Win32
		{B9B88BD1-4062-4A1C-A5E5-67D89BA2F5E6}.Release|x86.Build.0 = Release|Win32
		{8EBAADA3-CFFD-400C-8BF3-6874C3DA9D6F}.Debug|x64.ActiveCfg = Debug|x64
		{8EBAADA3-CFFD-400C-8BF3-6874C3DA9D6F}.Debug|x64.Build.0 = Debug|x64
		{8EBAADA3-CFFD-400C-8BF3-6874C3DA9D6F}.Debug|x86.ActiveCfg = Debug|Win32
		{8EBAADA3-CFFD-400C-8BF3-6874C3DA9D6F}.Debug|x86.Build.0 = Debug|Win32
		{8EBAADA3-CFFD-400C-8BF3-6874C3DA9D6F}.Release|x64.ActiveCfg = Release|x64
		{8EBAADA3-CFFD-400C-8BF3-6874C3DA9D6F}.Release|x64.Build.0 = Release|x64
		{8EBAADA3-CFFD-400C-8BF3-6874C3DA9D6F}.Release|x86.ActiveCfg = Release|Win32
		{8EBAADA3-CFFD-400C-8BF3-6874C3DA9D6F}.Release|x86.Build.0 = Release|Win32
		{DBDBB1E3-CAAE-46A9-BCC9-EDA507A21189}.Debug|x64.ActiveCfg = Debug|x64
		{DBDBB1E3-CAAE-46A9-BCC9-EDA507A21189}.Debug|x64.Build.0 = Debug|x64
		{DBDBB1E3-CAAE-46A9-BCC9-EDA507A21189}.Debug|x86.ActiveCfg = Debug|Win32
		{DBDBB1E3-CAAE-46A9-BCC9-EDA507A21189}.Debug|x86.Build.0 = Debug|Win32
		{DBDBB1E3-CAAE-46A9-BCC9-EDA507A21189}.Release|x64.ActiveCfg = Release|x64
		{DBDBB1E3-CAAE-46A9-BCC9-EDA507A21189}.Release|x64.Build.0 = Release|x64
		{DBDBB1E3-CAAE-46A9-BCC9-EDA507A21189}.Release|x86.ActiveCfg = Release|Win32
		{DBDBB1E3-CAAE-46A9-BCC9-EDA507A21189}.Release|x86.Build.0 = Release|Win32
		{C34DF9E1-1606-4E89-A53F-083C452CE0DF}.Debug|x64.ActiveCfg = Debug|x64
		{C34DF9E1-1606-4E89-A53F-083C452CE0DF}.Debug|x64.Build.0 = Debug|x64
		{C34DF9E1-1606-4E89-A53F-083C452CE0DF}.Debug|x86.ActiveCfg = Debug|Win32
		{C34DF9E1-1606-4E89-A53F-083C452CE0DF}.Debug|x86.Build.0 = Debug|Win32
		{C34DF9E1-1606-4E89-A53F-083C452CE0DF}.Release|x64.ActiveCfg = Release|x64
		{C34DF9E1-1606-4E89-A53F-083C452CE0DF}.Release|x64.Build.0 = Release|x64
		{C34DF9E1-1606-4E89-A53F-083C452CE0DF}.Release|x86.ActiveCfg = Release|Win32
		{C34DF9E1-1606-4E89-A53F-083C452CE0DF}.Release|x86.Build.0 = Release|Win32
		{CD9B1C7B-2F18-4578-A60A-7FF8A290153E}.Debug|x64.ActiveCfg = Debug|x64
		{CD9B1C7B-2F18-4578-A60A-7FF8A290153E}.Debug|x64.Build.0 = Debug|x64
		{CD9B1C7B-2F18-4578-A60A-7FF8A290153E}.Debug|x86.ActiveCfg = Debug|Win32
		{CD9B1C7B-2F18-4578-A60A-7FF8A290153E}.Debug|x86.Build.0 = Debug|Win32
		{CD9B1C7B-2F18-4578-A60A-7FF8A290153E}.Release|x64.ActiveCfg = Release|x64
		{CD9B1C7B-2F18-4578-A60A-7FF8A290153E}.Release|x64.Build.0 = Release|x64
		{CD9B1C7B-2F18-4578-A60A-7FF8A290153E}.Release|x86.ActiveCfg = Release|Win32
		{CD9B1C7B-2F18-4578-A60A-7FF8A290153E}.Release|x86.Build.0 = Release|Win32
		{1C1D913F-93B8-48CA-807B-18F6830F7C7D}.Debug|x64.ActiveCfg = Debug|x64
		{1C1D913F-93B8-48CA-807B-18F6830F7C7D}.Debug|x64.Build.0 = Debug|x64
		{1C1D913F-93B8-48CA-807B-18F6830F7C7D}.Debug|x86.ActiveCfg = Debug|Win32
		{1C1D913F-93B8-48CA-807B-18F6830F7C7D}.Debug|x86.Build.0 = Debug|Win32
		{1C1D913F-93B8-48CA-807B-18F6830F7C7D}.Release|x64.ActiveCfg = Release|x64
		{1C1D913F-93B8-48CA-807B-18F6830F7C7D}.Release|x64.Build.0 = Release|x64
		{1C1D913F-93B8-48CA-807B-18F6830F7C7D}.Release|x86.ActiveCfg = Release|Win32
		{1C1D913F-93B8-48CA-807B-18F6830F7C7D}.Release|x86.Build.0 = Release|Win32
		{327713DC-4C57-4BCD-8CCA-28889575C8FC}.Debug|x64.ActiveCfg = Debug|x64
		{327713DC-4C57-4BCD-8CCA-28889575C8FC}.Debug|x64.Build.0 = Debug|x64
		{327713DC-4C57-4BCD-8CCA-28889575C8FC}.Debug|x86.ActiveCfg = Debug|Win32
		{327713DC-4C57-4BCD-8CCA-28889575C8FC}.Debug|x86.Build.0 = Debug|Win32
		{327713DC-4C57-4BCD-8CCA-28889575C8FC}.Release|x64.ActiveCfg = Release|x64
		{327713DC-4C57-4BCD-8CCA-28889575C8FC}.Release|x64.Build.0 = Release|x64
		{327713DC-4C57-4BCD-8CCA-28889575C8FC}.Release|x86.ActiveCfg = Release|Win32
		{327713DC-4C57-4BCD-8CCA-28889575C8FC}.Release|x86.Build.0 = Release|Win32
		{0192A424-5B13-492A-B0C1-9772DEEE3AC1}.Debug|x64.ActiveCfg = Debug|x64
		{0192A424-5B13-492A-B0C1-9772DEEE3AC1}.Debug|x64.Build.0 = Debug|x64
		{0192A424-5B13-492A-B0C1-9772DEEE3AC1}.Debug|x86.ActiveCfg = Debug|Win32
		{0192A424-5B13-492A-B0C1-9772DEEE3AC1}.Debug|x86.Build.0 = Debug|Win32
		{0192A424-5B13-492A-B0C1-9772DEEE3AC1}.Release|x64.ActiveCfg = Release|x64
		{0192A424-5B13-492A-B0C1-9772DEEE3AC1}.Release|x64.Build.0 = Release|x64
		{0192A424-5B13-492A-B0C1-9772DEEE3AC1}.Release|x86.ActiveCfg = Release|Win32
		{0192A424-5B13-492A-B0C1-9772DEEE3AC1}.Release|x86.Build.0 = Release|Win32
		{2406B8CB-FDD6-4E2C-A6EB-A7E418AE7B7F}.Debug|x64.ActiveCfg = Debug|x64
		{2406B8CB-FDD6-4E2C-A6EB-A7E418AE7B7F}.Debug|x64.Build.0 = Debug|x64
		{2406B8CB-FDD6-4E2C-A6EB-A7E418AE7B7F}.Debug|x86.ActiveCfg = Debug|Win32
		{2406B8CB-FDD6-4E2C-A6EB-A7E418AE7B7F}.Debug|x86.Build.0 = Debug|Win32
		{2406B8CB-FDD6-4E2C-A6EB-A7E418AE7B7F}.Release|x64.ActiveCfg = Release|x64
		{2406B8CB-FDD6-4E2C-A6EB-A7E418AE7B7F}.Release|x64.Build.0 = Release|x64
		{2406B8CB-FDD6-4E2C-A6EB-A7E418AE7B7F}.Release|x86.ActiveCfg = Release|Win32
		{2406B8CB-FDD6-4E2C-A6EB-A7E418AE7B7F}.Release|x86.Build.0 = Release|Win32
		{8AA6BD4B-AD40-453E-9A6E-4D5EF8A8A7DF}.Debug|x64.ActiveCfg = Debug|x64
		{8AA6BD4B-AD40-453E-9A6E-4D5EF8A8A7DF}.Debug|x64.Build.0 = Debug|x64
		{8AA6BD4B-AD40-453E-9A6E-4D5EF8A8A7DF}.Debug|x86.ActiveCfg = Debug|Win32
		{8AA6BD4B-AD40-453E-9A6E-4D5EF8A8A7DF}.Debug|x86.Build.0 = Debug|Win32
		{8AA6BD4B-AD40-453E-9A6E-4D5EF8A8A7DF}.Release|x64.ActiveCfg = Release|x64
		{8AA6BD4B-AD40-453E-9A6E-4D5EF8A8A7DF}.Release|x64.Build.0 = Release|x64
		{8AA6BD4B-AD40-453E-9A6E-4D5EF8A8A7DF}.Release|x86.ActiveCfg = Release|Win32
		{8AA6BD4B-AD40-453E-9A6E-4D5EF8A8A7DF}.Release|x86.Build.0 = Release|Win32
		{36EB16D1-05D0-4196-B39D-970195A1DDC9}.Debug|x64.ActiveCfg = Debug|x64
		{36EB16D1-05D0-4196-B39D-970195A1DDC9}.Debug|x64.Build.0 = Debug|x64
		{36EB16D1-05D0-4196-B39D-970195A1DDC9}.Debug|x86.ActiveCfg = Debug|Win32
		{36EB16D1-05D0-4196-B39D-970195A1DDC9}.Debug|x86.Build.0 = Debug|Win32
		{36EB16D1-05D0-4196-B39D-970195A1DDC9}.Release|x64.ActiveCfg = Release|x64
		{36EB16D1-05D0-4196-B39D-970195A1DDC9}.Release|x64.Build.0 = Release|x64
		{36EB16D1-05D0-4196-B39D-970195A1DDC9}.Release|x86.ActiveCfg = Release|Win32
		{36EB16D1-05D0-4196-B39D-970195A1DDC9}.Release|x86.Build.0 = Release|Win32
		{5A32B4C4-F356-49E9-B421-4A360E0C9BEC}.Debug|x64.ActiveCfg = Debug|x64
		{5A32B4C4-F356-49E9-B421-4A360E0C9BEC}.Debug|x64.Build.0 = Debug|x64
		{5A32B4C4-F356-49E9-B421-4A360E0C9BEC}.Debug|x86.ActiveCfg = Debug|Win32
		{5A32B4C4-F356-49E9-B421-4A360E0C9BEC}.Debug|x86.Build.0 = Debug|Win32
		{5A32B4C4-F356-49E9-B421-4A360E0C9BEC}.Release|x64.ActiveCfg = Release|x64
		{5A32B4C4-F356-49E9-B421-4A360E0C9BEC}.Release|x64.Build.0 = Release|x64
		{5A32B4C4-F356-49E9-B421-4A360E0C9BEC}.Release|x86.ActiveCfg = Release|Win32
		{5A32B4C4-F356-49E9-B421-4A360E0C9BEC}.Release|x86.Build.0 = Release|Win32
		{EFD2B216-8807-4D9E-A780-F6A29BCF4706}.Debug|x64.ActiveCfg = Debug|x64
		{EFD2B216-8807-4D9E-A780-F6A29BCF4706}.Debug|x64.Build.0 = Debug|x64
		{EFD2B216-8807-4D9E-A780-F6A29BCF4706}.Debug|x86.ActiveCfg = Debug|Win32
		{EFD2B216-8807-4D9E-A780-F6A29BCF4706}.Debug|x86.Build.0 = Debug|Win32
		{EFD2B216-8807-4D9E-A780-F6A29BCF4706}.Release|x64.ActiveCfg = Release|x64
		{EFD2B216-8807-4D9E-A780-F6A29BCF4706}.Release|x64.Build.0 = Release|x64
		{EFD2B216-8807-4D9E-A780-F6A29BCF4706}.Release|x86.ActiveCfg = Release|Win32
		{EFD2B216-8807-4D9E-A780-F6A29BCF4706}.Release|x86.Build.0 = Release|Win32
		{057E305C-BB3E-44C9-92D9-81411AA08055}.Debug|x64.ActiveCfg = Debug|x64
		{057E305C-BB3E-44C9-92D9-81411AA08055}.Debug|x64.Build.0 = Debug|x64
		{057E305C-BB3E-44C9-92D9-81411AA08055}.Debug|x86.ActiveCfg = Debug|Win32
		{057E305C-BB3E-44C9-92D9-81411AA08055}.Debug|x86.Build.0 = Debug|Win32
		{057E305C-BB3E-44C9-92D9-81411AA08055}.Release|x64.ActiveCfg = Release|x64
		{057E305C-BB3E-44C9-92D9-81411AA08055}.Release|x64.Build.0 = Release|x64
		{057E305C-BB3E-44C9-92D9-81411AA08055}.Release|x86.ActiveCfg = Release|Win32
		{057E305C-BB3E-44C9-92D9-81411AA08055}.Release|x86.Build.0 = Release|Win32
		{B18A4D53-4553-4B4C-968A-138FAB6B3030}.Debug|x64.ActiveCfg = Debug|x64
		{B18A4D53-4553-4B4C-968A-138FAB6B3030}.Debug|x64.Build.0 = Debug|x64
		{B18A4D53-4553-4B4C-968A-138FAB6B3030}.Debug|x86.ActiveCfg = Debug|Win32
		{B18A4D53-4553-4B4C-968A-138FAB6B3030}.Debug|x86.Build.0 = Debug|Win32
		{B18A4D53-4553-4B4C-968A-138FAB6B3030}.Release|x64.ActiveCfg = Release|x64
		{B18A4D53-4553-4B4C-968A-138FAB6B3030}.Release|x64.Build.0 = Release|x64
		{B18A4D53-4553-4B4C-968A-138FAB6B3030}.Release|x86.ActiveCfg = Release|Win32
		{B18A4D53-4553-4B4C-968A-138FAB6B3030}.Release|x86.Build.0 = Release|Win32
		{6E952E10-F389-49CE-8295-CDC62F9CB74B}.Debug|x64.ActiveCfg = Debug|x64
		{6E952E10-F389-49CE-8295-CDC62F9CB74B}.Debug|x64.Build.0 = Debug|x64
		{6E952E10-F389-49CE-8295-CDC62F9CB74B}.Debug|x86.ActiveCfg = Debug|Win32
		{6E952E10-F389-49CE-8295-CDC62F9CB74B}.Debug|x86.Build.0 = Debug|Win32
		{6E952E10-F389-49CE-8295-CDC62F9CB74B}.Release|x64.ActiveCfg = Release|x64
		{6E952E10-F389-49CE-8295-CDC62F9CB74B}.Release|x64.Build.0 = Release|x64
		{6E952E10-F389-49CE-8295-CDC62F9CB74B}.Release|x86.ActiveCfg = Release|Win32
		{6E952E10-F389-49CE-8295-CDC62F9CB74B}.Release|x86.Build.0 = Release|Win32
		{4EF61415-7876-4C11-BA82-8B23D040A678}.Debug|x64.ActiveCfg = Debug|x64
		{4EF61415-7876-4C11-BA82-8B23D040A678}.Debug|x64.Build.0 = Debug|x64
		{4EF61415-7876-4C11-BA82-8B23D040A678}.Debug|x86.ActiveCfg = Debug|Win32
		{4EF61415-7876-4C11-BA82-8B23D040A678}.Debug|x86.Build.0 = Debug|Win32
		{4EF61415-7876-4C11-BA82-8B23D040A678}.Release|x64.ActiveCfg = Release|x64
		{4EF61415-7876-4C11-BA82-8B23D040A678}.Release|x64.Build.0 = Release|x64
		{4EF61415-7876-4C11-BA82-8B23D040A678}.Release|x86.ActiveCfg = Release|Win32
		{4EF61415-7876-4C11-BA82-8B23D040A678}.Release|x86.Build.0 = Release|Win32
		{3FF15E63-EA38-4DA2-8D58-7E462FA04963}.Debug|x64.ActiveCfg = Debug|x64
		{3FF15E63-EA38-4DA2-8D58-7E462FA04963}.Debug|x64.Build.0 = Debug|x64
		{3FF15E63-EA38-4DA2-8D58-7E462FA04963}.Debug|x86.ActiveCfg = Debug|Win32
		{3FF15E63-EA38-4DA2-8D58-7E462FA04963}.Debug|x86.Build.0 = Debug|Win32
		{3FF15E63-EA38-4DA2-8D58-7E462FA04963}.Release|x64.ActiveCfg = Release|x64
		{3FF15E63-EA38-4DA2-8D58-7E462FA04963}.Release|x64.Build.0 = Release|x64
		{3FF15E63-EA38-4DA2-8D58-7E462FA04963}.Release|x86.ActiveCfg = Release|Win32
		{3FF15E63-EA38-4DA2-8D58-7E462FA04963}.Release|x86.Build.0 = Release|Win32
		{0A76C9D6-6E09-442F-A7E1-741159F11E81}.Debug|x64.ActiveCfg = Debug|x64
		{0A76C9D6-6E09-442F-A7E1-741159F11E81}.Debug|x64.Build.0 = Debug|x64
		{0A76C9D6-6E09-442F-A7E1-741159F11E81}.Debug|x86.ActiveCfg = Debug|Win32
		{0A76C9D6-6E09-442F-A7E1-741159F11E81}.Debug|x86.Build.0 = Debug|Win32
		{0A76C9D6-6E09-442F-A7E1-741159F11E81}.Release|x64.ActiveCfg = Release|x64
		{0A76C9D6-6E09-442F-A7E1-741159F11E81}.Release|x64.Build.0 = Release|x64
		{0A76C9D6-6E09-442F-A7E1-741159F11E81}.Release|x86.ActiveCfg = Release|Win32
		{0A76C9D6-6E09-442F-A7E1-741159F11E81}.Release|x86.Build.0 = Release|Win32
	EndGlobalSection
	GlobalSection(SolutionProperties) = preSolution
		HideSolutionNode = FALSE
	EndGlobalSection
	GlobalSection(ExtensibilityGlobals) = postSolution
		SolutionGuid = {121F928E-09FF-4258-B20E-66E27D3A7798}
	EndGlobalSection
EndGlobal
